
Microsoft Visual Studio Solution File, Format Version 12.00
# Visual Studio Version 17
VisualStudioVersion = 17.4.33205.214
MinimumVisualStudioVersion = 10.0.40219.1
Project("{8BC9CEB8-8B4A-11D0-8D11-00A0C91BC942}") = "oop1", "oop1\oop1.vcxproj", "{BD41F8DF-0FA7-4D97-A743-050A14FEA5D8}"
EndProject
Project("{8BC9CEB8-8B4A-11D0-8D11-00A0C91BC942}") = "140923", "140923\140923.vcxproj", "{BD3C3338-0764-420A-9444-D9C17B33C76B}"
EndProject
Global
	GlobalSection(SolutionConfigurationPlatforms) = preSolution
		Debug|x64 = Debug|x64
		Debug|x86 = Debug|x86
		Release|x64 = Release|x64
		Release|x86 = Release|x86
	EndGlobalSection
	GlobalSection(ProjectConfigurationPlatforms) = postSolution
		{BD41F8DF-0FA7-4D97-A743-050A14FEA5D8}.Debug|x64.ActiveCfg = Debug|x64
		{BD41F8DF-0FA7-4D97-A743-050A14FEA5D8}.Debug|x64.Build.0 = Debug|x64
		{BD41F8DF-0FA7-4D97-A743-050A14FEA5D8}.Debug|x86.ActiveCfg = Debug|Win32
		{BD41F8DF-0FA7-4D97-A743-050A14FEA5D8}.Debug|x86.Build.0 = Debug|Win32
		{BD41F8DF-0FA7-4D97-A743-050A14FEA5D8}.Release|x64.ActiveCfg = Release|x64
		{BD41F8DF-0FA7-4D97-A743-050A14FEA5D8}.Release|x64.Build.0 = Release|x64
		{BD41F8DF-0FA7-4D97-A743-050A14FEA5D8}.Release|x86.ActiveCfg = Release|Win32
		{BD41F8DF-0FA7-4D97-A743-050A14FEA5D8}.Release|x86.Build.0 = Release|Win32
		{BD3C3338-0764-420A-9444-D9C17B33C76B}.Debug|x64.ActiveCfg = Debug|x64
		{BD3C3338-0764-420A-9444-D9C17B33C76B}.Debug|x64.Build.0 = Debug|x64
		{BD3C3338-0764-420A-9444-D9C17B33C76B}.Debug|x86.ActiveCfg = Debug|Win32
		{BD3C3338-0764-420A-9444-D9C17B33C76B}.Debug|x86.Build.0 = Debug|Win32
		{BD3C3338-0764-420A-9444-D9C17B33C76B}.Release|x64.ActiveCfg = Release|x64
		{BD3C3338-0764-420A-9444-D9C17B33C76B}.Release|x64.Build.0 = Release|x64
		{BD3C3338-0764-420A-9444-D9C17B33C76B}.Release|x86.ActiveCfg = Release|Win32
		{BD3C3338-0764-420A-9444-D9C17B33C76B}.Release|x86.Build.0 = Release|Win32
	EndGlobalSection
	GlobalSection(SolutionProperties) = preSolution
		HideSolutionNode = FALSE
	EndGlobalSection
	GlobalSection(ExtensibilityGlobals) = postSolution
		SolutionGuid = {B3F5E1CA-1635-463D-936C-E4C80ECB7C5C}
	EndGlobalSection
EndGlobal
