
Microsoft Visual Studio Solution File, Format Version 12.00
# Visual Studio Version 17
VisualStudioVersion = 17.8.34316.72
MinimumVisualStudioVersion = 10.0.40219.1
Project("{FAE04EC0-301F-11D3-BF4B-00C04F79EFBC}") = "cw200624", "cw200624\cw200624.csproj", "{DB0C191C-7C9C-4C6D-9E92-9C676D32DA02}"
EndProject
Global
	GlobalSection(SolutionConfigurationPlatforms) = preSolution
		Debug|Any CPU = Debug|Any CPU
		Release|Any CPU = Release|Any CPU
	EndGlobalSection
	GlobalSection(ProjectConfigurationPlatforms) = postSolution
		{DB0C191C-7C9C-4C6D-9E92-9C676D32DA02}.Debug|Any CPU.ActiveCfg = Debug|Any CPU
		{DB0C191C-7C9C-4C6D-9E92-9C676D32DA02}.Debug|Any CPU.Build.0 = Debug|Any CPU
		{DB0C191C-7C9C-4C6D-9E92-9C676D32DA02}.Release|Any CPU.ActiveCfg = Release|Any CPU
		{DB0C191C-7C9C-4C6D-9E92-9C676D32DA02}.Release|Any CPU.Build.0 = Release|Any CPU
	EndGlobalSection
	GlobalSection(SolutionProperties) = preSolution
		HideSolutionNode = FALSE
	EndGlobalSection
	GlobalSection(ExtensibilityGlobals) = postSolution
		SolutionGuid = {916705E3-2B71-4F15-ADF4-724B207A3DD6}
	EndGlobalSection
EndGlobal
