
Microsoft Visual Studio Solution File, Format Version 12.00
# Visual Studio Version 17
VisualStudioVersion = 17.7.34031.279
MinimumVisualStudioVersion = 10.0.40219.1
Project("{8BC9CEB8-8B4A-11D0-8D11-00A0C91BC942}") = "021123", "021123\021123.vcxproj", "{5032E1FB-BAC5-4C52-9B6B-7426D771A9CC}"
EndProject
Global
	GlobalSection(SolutionConfigurationPlatforms) = preSolution
		Debug|x64 = Debug|x64
		Debug|x86 = Debug|x86
		Release|x64 = Release|x64
		Release|x86 = Release|x86
	EndGlobalSection
	GlobalSection(ProjectConfigurationPlatforms) = postSolution
		{5032E1FB-BAC5-4C52-9B6B-7426D771A9CC}.Debug|x64.ActiveCfg = Debug|x64
		{5032E1FB-BAC5-4C52-9B6B-7426D771A9CC}.Debug|x64.Build.0 = Debug|x64
		{5032E1FB-BAC5-4C52-9B6B-7426D771A9CC}.Debug|x86.ActiveCfg = Debug|Win32
		{5032E1FB-BAC5-4C52-9B6B-7426D771A9CC}.Debug|x86.Build.0 = Debug|Win32
		{5032E1FB-BAC5-4C52-9B6B-7426D771A9CC}.Release|x64.ActiveCfg = Release|x64
		{5032E1FB-BAC5-4C52-9B6B-7426D771A9CC}.Release|x64.Build.0 = Release|x64
		{5032E1FB-BAC5-4C52-9B6B-7426D771A9CC}.Release|x86.ActiveCfg = Release|Win32
		{5032E1FB-BAC5-4C52-9B6B-7426D771A9CC}.Release|x86.Build.0 = Release|Win32
	EndGlobalSection
	GlobalSection(SolutionProperties) = preSolution
		HideSolutionNode = FALSE
	EndGlobalSection
	GlobalSection(ExtensibilityGlobals) = postSolution
		SolutionGuid = {DBFF9D24-F47C-4E9D-A39B-CEAE5F7D7042}
	EndGlobalSection
EndGlobal
