
Microsoft Visual Studio Solution File, Format Version 12.00
# Visual Studio Version 17
VisualStudioVersion = 17.8.34316.72
MinimumVisualStudioVersion = 10.0.40219.1
Project("{FAE04EC0-301F-11D3-BF4B-00C04F79EFBC}") = "ConsoleApp23.04.24", "ConsoleApp23.04.24\ConsoleApp23.04.24.csproj", "{DAEA3616-5764-4AF3-93CE-C54E4B5276F8}"
EndProject
Global
	GlobalSection(SolutionConfigurationPlatforms) = preSolution
		Debug|Any CPU = Debug|Any CPU
		Release|Any CPU = Release|Any CPU
	EndGlobalSection
	GlobalSection(ProjectConfigurationPlatforms) = postSolution
		{DAEA3616-5764-4AF3-93CE-C54E4B5276F8}.Debug|Any CPU.ActiveCfg = Debug|Any CPU
		{DAEA3616-5764-4AF3-93CE-C54E4B5276F8}.Debug|Any CPU.Build.0 = Debug|Any CPU
		{DAEA3616-5764-4AF3-93CE-C54E4B5276F8}.Release|Any CPU.ActiveCfg = Release|Any CPU
		{DAEA3616-5764-4AF3-93CE-C54E4B5276F8}.Release|Any CPU.Build.0 = Release|Any CPU
	EndGlobalSection
	GlobalSection(SolutionProperties) = preSolution
		HideSolutionNode = FALSE
	EndGlobalSection
	GlobalSection(ExtensibilityGlobals) = postSolution
		SolutionGuid = {7C909AA7-C4A2-48E7-B5E7-332CA6B4C8A2}
	EndGlobalSection
EndGlobal
