
Microsoft Visual Studio Solution File, Format Version 12.00
# Visual Studio Version 17
VisualStudioVersion = 17.8.34309.116
MinimumVisualStudioVersion = 10.0.40219.1
Project("{FAE04EC0-301F-11D3-BF4B-00C04F79EFBC}") = "ConsoleApp18", "ConsoleApp18\ConsoleApp18.csproj", "{D12614D7-37E9-4BCF-8836-CBC7179254FC}"
EndProject
Global
	GlobalSection(SolutionConfigurationPlatforms) = preSolution
		Debug|Any CPU = Debug|Any CPU
		Release|Any CPU = Release|Any CPU
	EndGlobalSection
	GlobalSection(ProjectConfigurationPlatforms) = postSolution
		{D12614D7-37E9-4BCF-8836-CBC7179254FC}.Debug|Any CPU.ActiveCfg = Debug|Any CPU
		{D12614D7-37E9-4BCF-8836-CBC7179254FC}.Debug|Any CPU.Build.0 = Debug|Any CPU
		{D12614D7-37E9-4BCF-8836-CBC7179254FC}.Release|Any CPU.ActiveCfg = Release|Any CPU
		{D12614D7-37E9-4BCF-8836-CBC7179254FC}.Release|Any CPU.Build.0 = Release|Any CPU
	EndGlobalSection
	GlobalSection(SolutionProperties) = preSolution
		HideSolutionNode = FALSE
	EndGlobalSection
	GlobalSection(ExtensibilityGlobals) = postSolution
		SolutionGuid = {072042EF-4CFE-4099-A6D4-8C1957039679}
	EndGlobalSection
EndGlobal
