
Microsoft Visual Studio Solution File, Format Version 12.00
# Visual Studio Version 17
VisualStudioVersion = 17.8.34316.72
MinimumVisualStudioVersion = 10.0.40219.1
Project("{FAE04EC0-301F-11D3-BF4B-00C04F79EFBC}") = "ConsoleApp18.04.24", "ConsoleApp18.04.24\ConsoleApp18.04.24.csproj", "{04271F59-5E07-44F4-B424-25E385C6D877}"
EndProject
Global
	GlobalSection(SolutionConfigurationPlatforms) = preSolution
		Debug|Any CPU = Debug|Any CPU
		Release|Any CPU = Release|Any CPU
	EndGlobalSection
	GlobalSection(ProjectConfigurationPlatforms) = postSolution
		{04271F59-5E07-44F4-B424-25E385C6D877}.Debug|Any CPU.ActiveCfg = Debug|Any CPU
		{04271F59-5E07-44F4-B424-25E385C6D877}.Debug|Any CPU.Build.0 = Debug|Any CPU
		{04271F59-5E07-44F4-B424-25E385C6D877}.Release|Any CPU.ActiveCfg = Release|Any CPU
		{04271F59-5E07-44F4-B424-25E385C6D877}.Release|Any CPU.Build.0 = Release|Any CPU
	EndGlobalSection
	GlobalSection(SolutionProperties) = preSolution
		HideSolutionNode = FALSE
	EndGlobalSection
	GlobalSection(ExtensibilityGlobals) = postSolution
		SolutionGuid = {852E5824-E3A4-4061-B056-6A7BED7F60AC}
	EndGlobalSection
EndGlobal
