
Microsoft Visual Studio Solution File, Format Version 12.00
# Visual Studio Version 17
VisualStudioVersion = 17.8.34309.116
MinimumVisualStudioVersion = 10.0.40219.1
Project("{FAE04EC0-301F-11D3-BF4B-00C04F79EFBC}") = "ConsoleApp15", "ConsoleApp15\ConsoleApp15.csproj", "{86B28D4F-870A-4B4D-B1A2-8DF29F0C01CD}"
EndProject
Global
	GlobalSection(SolutionConfigurationPlatforms) = preSolution
		Debug|Any CPU = Debug|Any CPU
		Release|Any CPU = Release|Any CPU
	EndGlobalSection
	GlobalSection(ProjectConfigurationPlatforms) = postSolution
		{86B28D4F-870A-4B4D-B1A2-8DF29F0C01CD}.Debug|Any CPU.ActiveCfg = Debug|Any CPU
		{86B28D4F-870A-4B4D-B1A2-8DF29F0C01CD}.Debug|Any CPU.Build.0 = Debug|Any CPU
		{86B28D4F-870A-4B4D-B1A2-8DF29F0C01CD}.Release|Any CPU.ActiveCfg = Release|Any CPU
		{86B28D4F-870A-4B4D-B1A2-8DF29F0C01CD}.Release|Any CPU.Build.0 = Release|Any CPU
	EndGlobalSection
	GlobalSection(SolutionProperties) = preSolution
		HideSolutionNode = FALSE
	EndGlobalSection
	GlobalSection(ExtensibilityGlobals) = postSolution
		SolutionGuid = {2A6F4789-D12E-4E97-B885-BE2C5500B1D8}
	EndGlobalSection
EndGlobal
