
Microsoft Visual Studio Solution File, Format Version 12.00
# Visual Studio Version 17
VisualStudioVersion = 17.8.34309.116
MinimumVisualStudioVersion = 10.0.40219.1
Project("{FAE04EC0-301F-11D3-BF4B-00C04F79EFBC}") = "180124", "180124\180124.csproj", "{68240645-9BB8-42D6-8C88-E45E0339238F}"
EndProject
Global
	GlobalSection(SolutionConfigurationPlatforms) = preSolution
		Debug|Any CPU = Debug|Any CPU
		Release|Any CPU = Release|Any CPU
	EndGlobalSection
	GlobalSection(ProjectConfigurationPlatforms) = postSolution
		{68240645-9BB8-42D6-8C88-E45E0339238F}.Debug|Any CPU.ActiveCfg = Debug|Any CPU
		{68240645-9BB8-42D6-8C88-E45E0339238F}.Debug|Any CPU.Build.0 = Debug|Any CPU
		{68240645-9BB8-42D6-8C88-E45E0339238F}.Release|Any CPU.ActiveCfg = Release|Any CPU
		{68240645-9BB8-42D6-8C88-E45E0339238F}.Release|Any CPU.Build.0 = Release|Any CPU
	EndGlobalSection
	GlobalSection(SolutionProperties) = preSolution
		HideSolutionNode = FALSE
	EndGlobalSection
	GlobalSection(ExtensibilityGlobals) = postSolution
		SolutionGuid = {5871CA58-8541-41EB-9A0A-D74F11D3AA1D}
	EndGlobalSection
EndGlobal
