
Microsoft Visual Studio Solution File, Format Version 12.00
# Visual Studio Version 17
VisualStudioVersion = 17.8.34316.72
MinimumVisualStudioVersion = 10.0.40219.1
Project("{FAE04EC0-301F-11D3-BF4B-00C04F79EFBC}") = "ConsoleApp16.05.24", "ConsoleApp16.05.24\ConsoleApp16.05.24.csproj", "{FAFAF700-B74D-42E7-ABBA-6F83E19710D5}"
EndProject
Global
	GlobalSection(SolutionConfigurationPlatforms) = preSolution
		Debug|Any CPU = Debug|Any CPU
		Release|Any CPU = Release|Any CPU
	EndGlobalSection
	GlobalSection(ProjectConfigurationPlatforms) = postSolution
		{FAFAF700-B74D-42E7-ABBA-6F83E19710D5}.Debug|Any CPU.ActiveCfg = Debug|Any CPU
		{FAFAF700-B74D-42E7-ABBA-6F83E19710D5}.Debug|Any CPU.Build.0 = Debug|Any CPU
		{FAFAF700-B74D-42E7-ABBA-6F83E19710D5}.Release|Any CPU.ActiveCfg = Release|Any CPU
		{FAFAF700-B74D-42E7-ABBA-6F83E19710D5}.Release|Any CPU.Build.0 = Release|Any CPU
	EndGlobalSection
	GlobalSection(SolutionProperties) = preSolution
		HideSolutionNode = FALSE
	EndGlobalSection
	GlobalSection(ExtensibilityGlobals) = postSolution
		SolutionGuid = {BFD17BA6-2628-4D1C-A84E-C93CF0E78632}
	EndGlobalSection
EndGlobal
