
Microsoft Visual Studio Solution File, Format Version 12.00
# Visual Studio Version 17
VisualStudioVersion = 17.8.34316.72
MinimumVisualStudioVersion = 10.0.40219.1
Project("{FAE04EC0-301F-11D3-BF4B-00C04F79EFBC}") = "cw060624", "cw060624\cw060624.csproj", "{368B122E-DE3C-488E-9767-C62258F38BC3}"
EndProject
Global
	GlobalSection(SolutionConfigurationPlatforms) = preSolution
		Debug|Any CPU = Debug|Any CPU
		Release|Any CPU = Release|Any CPU
	EndGlobalSection
	GlobalSection(ProjectConfigurationPlatforms) = postSolution
		{368B122E-DE3C-488E-9767-C62258F38BC3}.Debug|Any CPU.ActiveCfg = Debug|Any CPU
		{368B122E-DE3C-488E-9767-C62258F38BC3}.Debug|Any CPU.Build.0 = Debug|Any CPU
		{368B122E-DE3C-488E-9767-C62258F38BC3}.Release|Any CPU.ActiveCfg = Release|Any CPU
		{368B122E-DE3C-488E-9767-C62258F38BC3}.Release|Any CPU.Build.0 = Release|Any CPU
	EndGlobalSection
	GlobalSection(SolutionProperties) = preSolution
		HideSolutionNode = FALSE
	EndGlobalSection
	GlobalSection(ExtensibilityGlobals) = postSolution
		SolutionGuid = {F79E7FE5-21FF-4BF2-A82C-314AB76EE2F9}
	EndGlobalSection
EndGlobal
