
Microsoft Visual Studio Solution File, Format Version 12.00
# Visual Studio Version 17
VisualStudioVersion = 17.8.34309.116
MinimumVisualStudioVersion = 10.0.40219.1
Project("{9A19103F-16F7-4668-BE54-9A1E7A4F7556}") = "17.09.24WPF", "17.09.24WPF\17.09.24WPF.csproj", "{0B641988-D07E-4381-82BE-883F65A695B0}"
EndProject
Project("{FAE04EC0-301F-11D3-BF4B-00C04F79EFBC}") = "17.09.24WPF2", "17.09.24WPF2\17.09.24WPF2.csproj", "{E36BD04F-848A-4330-A9FF-4B9FC6B553D9}"
EndProject
Global
	GlobalSection(SolutionConfigurationPlatforms) = preSolution
		Debug|Any CPU = Debug|Any CPU
		Release|Any CPU = Release|Any CPU
	EndGlobalSection
	GlobalSection(ProjectConfigurationPlatforms) = postSolution
		{0B641988-D07E-4381-82BE-883F65A695B0}.Debug|Any CPU.ActiveCfg = Debug|Any CPU
		{0B641988-D07E-4381-82BE-883F65A695B0}.Debug|Any CPU.Build.0 = Debug|Any CPU
		{0B641988-D07E-4381-82BE-883F65A695B0}.Release|Any CPU.ActiveCfg = Release|Any CPU
		{0B641988-D07E-4381-82BE-883F65A695B0}.Release|Any CPU.Build.0 = Release|Any CPU
		{E36BD04F-848A-4330-A9FF-4B9FC6B553D9}.Debug|Any CPU.ActiveCfg = Debug|Any CPU
		{E36BD04F-848A-4330-A9FF-4B9FC6B553D9}.Debug|Any CPU.Build.0 = Debug|Any CPU
		{E36BD04F-848A-4330-A9FF-4B9FC6B553D9}.Release|Any CPU.ActiveCfg = Release|Any CPU
		{E36BD04F-848A-4330-A9FF-4B9FC6B553D9}.Release|Any CPU.Build.0 = Release|Any CPU
	EndGlobalSection
	GlobalSection(SolutionProperties) = preSolution
		HideSolutionNode = FALSE
	EndGlobalSection
	GlobalSection(ExtensibilityGlobals) = postSolution
		SolutionGuid = {1C9A6C05-1A8C-48D6-8D2E-DF20BCC3706F}
	EndGlobalSection
EndGlobal
